
Microsoft Visual Studio Solution File, Format Version 12.00
# Visual Studio 14
VisualStudioVersion = 14.0.25420.1
MinimumVisualStudioVersion = 10.0.40219.1
Project("{FAE04EC0-301F-11D3-BF4B-00C04F79EFBC}") = "FinderSolver.Core", "FinderSolver.Core\FinderSolver.Core.csproj", "{378C7E6B-D5CC-4316-A80A-7ECCEEBE0AFE}"
EndProject
Project("{FAE04EC0-301F-11D3-BF4B-00C04F79EFBC}") = "FinderSolver.EFInfrastructure", "FinderSolver.EFInfrastructure\FinderSolver.EFInfrastructure.csproj", "{81E53831-50D7-40D1-9E20-C548868CC33E}"
EndProject
Project("{FAE04EC0-301F-11D3-BF4B-00C04F79EFBC}") = "FinderSolver.WebApi", "FinderSolver.WebApi\FinderSolver.WebApi.csproj", "{C77E24B0-D156-4AE3-BAA1-C2B5FF319F0B}"
EndProject
Project("{FAE04EC0-301F-11D3-BF4B-00C04F79EFBC}") = "FinderSolver.Frontend", "FinderSolver.Frontend\FinderSolver.Frontend.csproj", "{0D1F065F-707E-4393-9DEA-D85D3A4958BC}"
EndProject
Global
	GlobalSection(SolutionConfigurationPlatforms) = preSolution
		Debug|Any CPU = Debug|Any CPU
		Release|Any CPU = Release|Any CPU
	EndGlobalSection
	GlobalSection(ProjectConfigurationPlatforms) = postSolution
		{378C7E6B-D5CC-4316-A80A-7ECCEEBE0AFE}.Debug|Any CPU.ActiveCfg = Debug|Any CPU
		{378C7E6B-D5CC-4316-A80A-7ECCEEBE0AFE}.Debug|Any CPU.Build.0 = Debug|Any CPU
		{378C7E6B-D5CC-4316-A80A-7ECCEEBE0AFE}.Release|Any CPU.ActiveCfg = Release|Any CPU
		{378C7E6B-D5CC-4316-A80A-7ECCEEBE0AFE}.Release|Any CPU.Build.0 = Release|Any CPU
		{81E53831-50D7-40D1-9E20-C548868CC33E}.Debug|Any CPU.ActiveCfg = Debug|Any CPU
		{81E53831-50D7-40D1-9E20-C548868CC33E}.Debug|Any CPU.Build.0 = Debug|Any CPU
		{81E53831-50D7-40D1-9E20-C548868CC33E}.Release|Any CPU.ActiveCfg = Release|Any CPU
		{81E53831-50D7-40D1-9E20-C548868CC33E}.Release|Any CPU.Build.0 = Release|Any CPU
		{C77E24B0-D156-4AE3-BAA1-C2B5FF319F0B}.Debug|Any CPU.ActiveCfg = Debug|Any CPU
		{C77E24B0-D156-4AE3-BAA1-C2B5FF319F0B}.Debug|Any CPU.Build.0 = Debug|Any CPU
		{C77E24B0-D156-4AE3-BAA1-C2B5FF319F0B}.Release|Any CPU.ActiveCfg = Release|Any CPU
		{C77E24B0-D156-4AE3-BAA1-C2B5FF319F0B}.Release|Any CPU.Build.0 = Release|Any CPU
		{0D1F065F-707E-4393-9DEA-D85D3A4958BC}.Debug|Any CPU.ActiveCfg = Debug|Any CPU
		{0D1F065F-707E-4393-9DEA-D85D3A4958BC}.Debug|Any CPU.Build.0 = Debug|Any CPU
		{0D1F065F-707E-4393-9DEA-D85D3A4958BC}.Release|Any CPU.ActiveCfg = Release|Any CPU
		{0D1F065F-707E-4393-9DEA-D85D3A4958BC}.Release|Any CPU.Build.0 = Release|Any CPU
	EndGlobalSection
	GlobalSection(SolutionProperties) = preSolution
		HideSolutionNode = FALSE
	EndGlobalSection
EndGlobal
